
Microsoft Visual Studio Solution File, Format Version 12.00
# Visual Studio 14
VisualStudioVersion = 14.0.24720.0
MinimumVisualStudioVersion = 10.0.40219.1
Project("{FAE04EC0-301F-11D3-BF4B-00C04F79EFBC}") = "CS_045_ChallengeSimpleDarts", "CS_045_ChallengeSimpleDarts\CS_045_ChallengeSimpleDarts.csproj", "{320CA9E7-1B16-4956-9646-F4A29B609FE2}"
EndProject
Project("{FAE04EC0-301F-11D3-BF4B-00C04F79EFBC}") = "Darts", "Darts\Darts.csproj", "{B8FEB678-4839-4D5F-84B8-E590D4411009}"
EndProject
Global
	GlobalSection(SolutionConfigurationPlatforms) = preSolution
		Debug|Any CPU = Debug|Any CPU
		Release|Any CPU = Release|Any CPU
	EndGlobalSection
	GlobalSection(ProjectConfigurationPlatforms) = postSolution
		{320CA9E7-1B16-4956-9646-F4A29B609FE2}.Debug|Any CPU.ActiveCfg = Debug|Any CPU
		{320CA9E7-1B16-4956-9646-F4A29B609FE2}.Debug|Any CPU.Build.0 = Debug|Any CPU
		{320CA9E7-1B16-4956-9646-F4A29B609FE2}.Release|Any CPU.ActiveCfg = Release|Any CPU
		{320CA9E7-1B16-4956-9646-F4A29B609FE2}.Release|Any CPU.Build.0 = Release|Any CPU
		{B8FEB678-4839-4D5F-84B8-E590D4411009}.Debug|Any CPU.ActiveCfg = Debug|Any CPU
		{B8FEB678-4839-4D5F-84B8-E590D4411009}.Debug|Any CPU.Build.0 = Debug|Any CPU
		{B8FEB678-4839-4D5F-84B8-E590D4411009}.Release|Any CPU.ActiveCfg = Release|Any CPU
		{B8FEB678-4839-4D5F-84B8-E590D4411009}.Release|Any CPU.Build.0 = Release|Any CPU
	EndGlobalSection
	GlobalSection(SolutionProperties) = preSolution
		HideSolutionNode = FALSE
	EndGlobalSection
EndGlobal
